# THIS IS AN AUTOGENERATED FILE. DO NOT EDIT THIS FILE DIRECTLY.
# yarn lockfile v1


"@trvl/picker@^0.5.1":
  version "0.5.1"
  resolved "https://registry.yarnpkg.com/@trvl/picker/-/picker-0.5.1.tgz#78f5371fa56d3d831e2e31e8b973cdbc007da3a9"
  integrity sha512-I3x52hMV1v5FXNtLzXeTnmcrkpMaC7s2Wj3kWQF1d3U7vMV7wgOot7qtisYBGh0y9/qCcdaag8DafFCT9z3LlQ==
  dependencies:
    portal-vue "^1.5.1"

portal-vue@^1.5.1:
  version "1.5.1"
  resolved "https://registry.yarnpkg.com/portal-vue/-/portal-vue-1.5.1.tgz#6bed79ef168d9676bb79f41d43c5cd4cedf54dbc"
  integrity sha512-7T0K+qyY8bnjnEpQTiLbGsUaGlFcemK9gLurVSr6x1/qzr2HkHDNCOz5i+xhuTD1CrXckf/AGeCnLzvmAHMOHw==
